
Microsoft Visual Studio Solution File, Format Version 12.00
# Visual Studio Version 17
VisualStudioVersion = 17.7.34202.233
MinimumVisualStudioVersion = 10.0.40219.1
Project("{FAE04EC0-301F-11D3-BF4B-00C04F79EFBC}") = "Odata2", "Odata2\Odata2.csproj", "{D6221BE6-F842-4297-A943-6DC13412E1F7}"
EndProject
Global
	GlobalSection(SolutionConfigurationPlatforms) = preSolution
		Debug|Any CPU = Debug|Any CPU
		Release|Any CPU = Release|Any CPU
	EndGlobalSection
	GlobalSection(ProjectConfigurationPlatforms) = postSolution
		{D6221BE6-F842-4297-A943-6DC13412E1F7}.Debug|Any CPU.ActiveCfg = Debug|Any CPU
		{D6221BE6-F842-4297-A943-6DC13412E1F7}.Debug|Any CPU.Build.0 = Debug|Any CPU
		{D6221BE6-F842-4297-A943-6DC13412E1F7}.Release|Any CPU.ActiveCfg = Release|Any CPU
		{D6221BE6-F842-4297-A943-6DC13412E1F7}.Release|Any CPU.Build.0 = Release|Any CPU
	EndGlobalSection
	GlobalSection(SolutionProperties) = preSolution
		HideSolutionNode = FALSE
	EndGlobalSection
	GlobalSection(ExtensibilityGlobals) = postSolution
		SolutionGuid = {18C43C77-6AB7-4258-B4E3-C5109840F1CA}
	EndGlobalSection
EndGlobal
